
Microsoft Visual Studio Solution File, Format Version 12.00
# Visual Studio Version 17
VisualStudioVersion = 17.14.37012.4
MinimumVisualStudioVersion = 10.0.40219.1
Project("{FAE04EC0-301F-11D3-BF4B-00C04F79EFBC}") = "ConsoleApp", "ConsoleApp\ConsoleApp.csproj", "{9BEEB2ED-6C5A-43BD-A774-3E067593417E}"
EndProject
Project("{FAE04EC0-301F-11D3-BF4B-00C04F79EFBC}") = "WeekTask0313", "..\..\..\Users\user\Desktop\WeekTask0313\WeekTask0313\WeekTask0313.csproj", "{0ECBE054-7274-4A3E-B678-4CC65BE4BAA5}"
EndProject
Global
	GlobalSection(SolutionConfigurationPlatforms) = preSolution
		Debug|Any CPU = Debug|Any CPU
		Release|Any CPU = Release|Any CPU
	EndGlobalSection
	GlobalSection(ProjectConfigurationPlatforms) = postSolution
		{9BEEB2ED-6C5A-43BD-A774-3E067593417E}.Debug|Any CPU.ActiveCfg = Debug|Any CPU
		{9BEEB2ED-6C5A-43BD-A774-3E067593417E}.Debug|Any CPU.Build.0 = Debug|Any CPU
		{9BEEB2ED-6C5A-43BD-A774-3E067593417E}.Release|Any CPU.ActiveCfg = Release|Any CPU
		{9BEEB2ED-6C5A-43BD-A774-3E067593417E}.Release|Any CPU.Build.0 = Release|Any CPU
		{0ECBE054-7274-4A3E-B678-4CC65BE4BAA5}.Debug|Any CPU.ActiveCfg = Debug|Any CPU
		{0ECBE054-7274-4A3E-B678-4CC65BE4BAA5}.Debug|Any CPU.Build.0 = Debug|Any CPU
		{0ECBE054-7274-4A3E-B678-4CC65BE4BAA5}.Release|Any CPU.ActiveCfg = Release|Any CPU
		{0ECBE054-7274-4A3E-B678-4CC65BE4BAA5}.Release|Any CPU.Build.0 = Release|Any CPU
	EndGlobalSection
	GlobalSection(SolutionProperties) = preSolution
		HideSolutionNode = FALSE
	EndGlobalSection
	GlobalSection(ExtensibilityGlobals) = postSolution
		SolutionGuid = {70734E14-0AD0-4FC0-9D0E-DC9961F88076}
	EndGlobalSection
EndGlobal
